# Exact Python3.12 Web Push dependency closure, installed and locally tested.
# A5 merges into shared requirements.lock; this file never activates sending.
aiohappyeyeballs==2.7.1
aiohttp==3.14.4
aiosignal==1.4.0
attrs==26.1.0
certifi==2026.7.22
cffi==2.0.0
charset-normalizer==3.5.2
cryptography==50.0.2
frozenlist==1.8.0
http-ece==1.2.1
idna==3.18
multidict==6.9.1
propcache==0.5.4
py-vapid==1.9.4
pycparser==2.23
pywebpush==2.1.2
requests==2.34.2
six==1.17.0
typing-extensions==4.16.0
urllib3==2.8.0
yarl==1.25.1
